<Solution>
  <Folder Name="/ImportFiler/">
    <File Path="../../../../OneDrive/Dokument/Kurs Programmering/C# Julia/ImportFiler/dessert.txt" />
    <File Path="../../../../OneDrive/Dokument/Kurs Programmering/C# Julia/ImportFiler/filmer.txt" />
    <File Path="../../../../OneDrive/Dokument/Kurs Programmering/C# Julia/ImportFiler/resor.txt" />
    <File Path="Instruktion_Sökväg.cs" />
  </Folder>
  <Project Path="V2_Dag3_Ovn1/V2_Dag3_Ovn1.csproj" />
</Solution>
